
Microsoft Visual Studio Solution File, Format Version 12.00
# Visual Studio Version 17
VisualStudioVersion = 17.11.35327.3
MinimumVisualStudioVersion = 10.0.40219.1
Project("{9A19103F-16F7-4668-BE54-9A1E7A4F7556}") = "MassCultureLibrary", "MassCultureLibrary\MassCultureLibrary.csproj", "{08A4183F-5E4F-49E5-B2B5-69935D9F8EE7}"
EndProject
Project("{9A19103F-16F7-4668-BE54-9A1E7A4F7556}") = "MassCultureLibrary.Tests", "MassCultureLibrary.Tests\MassCultureLibrary.Tests.csproj", "{27565CCC-6F3C-4CCC-A185-1BC6216A4FB4}"
EndProject
Project("{9A19103F-16F7-4668-BE54-9A1E7A4F7556}") = "MassCultureLibrary.Desktop", "MassCultureLibrary.Desktop\MassCultureLibrary.Desktop.csproj", "{B2D240D1-98FC-4E76-850B-57539865BF0E}"
EndProject
Global
	GlobalSection(SolutionConfigurationPlatforms) = preSolution
		Debug|Any CPU = Debug|Any CPU
		Release|Any CPU = Release|Any CPU
	EndGlobalSection
	GlobalSection(ProjectConfigurationPlatforms) = postSolution
		{08A4183F-5E4F-49E5-B2B5-69935D9F8EE7}.Debug|Any CPU.ActiveCfg = Debug|Any CPU
		{08A4183F-5E4F-49E5-B2B5-69935D9F8EE7}.Debug|Any CPU.Build.0 = Debug|Any CPU
		{08A4183F-5E4F-49E5-B2B5-69935D9F8EE7}.Release|Any CPU.ActiveCfg = Release|Any CPU
		{08A4183F-5E4F-49E5-B2B5-69935D9F8EE7}.Release|Any CPU.Build.0 = Release|Any CPU
		{27565CCC-6F3C-4CCC-A185-1BC6216A4FB4}.Debug|Any CPU.ActiveCfg = Debug|Any CPU
		{27565CCC-6F3C-4CCC-A185-1BC6216A4FB4}.Debug|Any CPU.Build.0 = Debug|Any CPU
		{27565CCC-6F3C-4CCC-A185-1BC6216A4FB4}.Release|Any CPU.ActiveCfg = Release|Any CPU
		{27565CCC-6F3C-4CCC-A185-1BC6216A4FB4}.Release|Any CPU.Build.0 = Release|Any CPU
		{B2D240D1-98FC-4E76-850B-57539865BF0E}.Debug|Any CPU.ActiveCfg = Debug|Any CPU
		{B2D240D1-98FC-4E76-850B-57539865BF0E}.Debug|Any CPU.Build.0 = Debug|Any CPU
		{B2D240D1-98FC-4E76-850B-57539865BF0E}.Release|Any CPU.ActiveCfg = Release|Any CPU
		{B2D240D1-98FC-4E76-850B-57539865BF0E}.Release|Any CPU.Build.0 = Release|Any CPU
	EndGlobalSection
	GlobalSection(SolutionProperties) = preSolution
		HideSolutionNode = FALSE
	EndGlobalSection
	GlobalSection(ExtensibilityGlobals) = postSolution
		SolutionGuid = {A124B216-CDA7-4E01-A648-47F8CACE02F0}
	EndGlobalSection
EndGlobal
